// !$*UTF8*$!
{
	archiveVersion = 1;
	classes = {
	};
	objectVersion = 48;
	objects = {

/* Begin PBXBuildFile section */
		638A036F20461AB9002057AE /* AppDelegate.swift in Sources */ = {isa = PBXBuildFile; fileRef = 638A036E20461AB9002057AE /* AppDelegate.swift */; };
		638A037120461AB9002057AE /* ViewController.swift in Sources */ = {isa = PBXBuildFile; fileRef = 638A037020461AB9002057AE /* ViewController.swift */; };
		638A037420461AB9002057AE /* Main.storyboard in Resources */ = {isa = PBXBuildFile; fileRef = 638A037220461AB9002057AE /* Main.storyboard */; };
		638A037620461AB9002057AE /* Assets.xcassets in Resources */ = {isa = PBXBuildFile; fileRef = 638A037520461AB9002057AE /* Assets.xcassets */; };
		638A037920461AB9002057AE /* LaunchScreen.storyboard in Resources */ = {isa = PBXBuildFile; fileRef = 638A037720461AB9002057AE /* LaunchScreen.storyboard */; };
/* End PBXBuildFile section */

/* Begin PBXFileReference section */
		638A036B20461AB9002057AE /* RxSwiftMVVPLoginValidationExample.app */ = {isa = PBXFileReference; explicitFileType = wrapper.application; includeInIndex = 0; path = RxSwiftMVVPLoginValidationExample.app; sourceTree = BUILT_PRODUCTS_DIR; };
		638A036E20461AB9002057AE /* AppDelegate.swift */ = {isa = PBXFileReference; lastKnownFileType = sourcecode.swift; path = AppDelegate.swift; sourceTree = "<group>"; };
		638A037020461AB9002057AE /* ViewController.swift */ = {isa = PBXFileReference; lastKnownFileType = sourcecode.swift; path = ViewController.swift; sourceTree = "<group>"; };
		638A037320461AB9002057AE /* Base */ = {isa = PBXFileReference; lastKnownFileType = file.storyboard; name = Base; path = Base.lproj/Main.storyboard; sourceTree = "<group>"; };
		638A037520461AB9002057AE /* Assets.xcassets */ = {isa = PBXFileReference; lastKnownFileType = folder.assetcatalog; path = Assets.xcassets; sourceTree = "<group>"; };
		638A037820461AB9002057AE /* Base */ = {isa = PBXFileReference; lastKnownFileType = file.storyboard; name = Base; path = Base.lproj/LaunchScreen.storyboard; sourceTree = "<group>"; };
		638A037A20461AB9002057AE /* Info.plist */ = {isa = PBXFileReference; lastKnownFileType = text.plist.xml; path = Info.plist; sourceTree = "<group>"; };
/* End PBXFileReference section */

/* Begin PBXFrameworksBuildPhase section */
		638A036820461AB9002057AE /* Frameworks */ = {
			isa = PBXFrameworksBuildPhase;
			buildActionMask = 2147483647;
			files = (
			);
			runOnlyForDeploymentPostprocessing = 0;
		};
/* End PBXFrameworksBuildPhase section */

/* Begin PBXGroup section */
		638A036220461AB9002057AE = {
			isa = PBXGroup;
			children = (
				638A036D20461AB9002057AE /* RxSwiftMVVPLoginValidationExample */,
				638A036C20461AB9002057AE /* Products */,
			);
			sourceTree = "<group>";
		};
		638A036C20461AB9002057AE /* Products */ = {
			isa = PBXGroup;
			children = (
				638A036B20461AB9002057AE /* RxSwiftMVVPLoginValidationExample.app */,
			);
			name = Products;
			sourceTree = "<group>";
		};
		638A036D20461AB9002057AE /* RxSwiftMVVPLoginValidationExample */ = {
			isa = PBXGroup;
			children = (
				638A036E20461AB9002057AE /* AppDelegate.swift */,
				638A037020461AB9002057AE /* ViewController.swift */,
				638A037220461AB9002057AE /* Main.storyboard */,
				638A037520461AB9002057AE /* Assets.xcassets */,
				638A037720461AB9002057AE /* LaunchScreen.storyboard */,
				638A037A20461AB9002057AE /* Info.plist */,
			);
			path = RxSwiftMVVPLoginValidationExample;
			sourceTree = "<group>";
		};
/* End PBXGroup section */

/* Begin PBXNativeTarget section */
		638A036A20461AB9002057AE /* RxSwiftMVVPLoginValidationExample */ = {
			isa = PBXNativeTarget;
			buildConfigurationList = 638A037D20461AB9002057AE /* Build configuration list for PBXNativeTarget "RxSwiftMVVPLoginValidationExample" */;
			buildPhases = (
				638A036720461AB9002057AE /* Sources */,
				638A036820461AB9002057AE /* Frameworks */,
				638A036920461AB9002057AE /* Resources */,
			);
			buildRules = (
			);
			dependencies = (
			);
			name = RxSwiftMVVPLoginValidationExample;
			productName = RxSwiftMVVPLoginValidationExample;
			productReference = 638A036B20461AB9002057AE /* RxSwiftMVVPLoginValidationExample.app */;
			productType = "com.apple.product-type.application";
		};
/* End PBXNativeTarget section */

/* Begin PBXProject section */
		638A036320461AB9002057AE /* Project object */ = {
			isa = PBXProject;
			attributes = {
				LastSwiftUpdateCheck = 0920;
				LastUpgradeCheck = 0920;
				ORGANIZATIONNAME = David;
				TargetAttributes = {
					638A036A20461AB9002057AE = {
						CreatedOnToolsVersion = 9.2;
						ProvisioningStyle = Automatic;
					};
				};
			};
			buildConfigurationList = 638A036620461AB9002057AE /* Build configuration list for PBXProject "RxSwiftMVVPLoginValidationExample" */;
			compatibilityVersion = "Xcode 8.0";
			developmentRegion = en;
			hasScannedForEncodings = 0;
			knownRegions = (
				en,
				Base,
			);
			mainGroup = 638A036220461AB9002057AE;
			productRefGroup = 638A036C20461AB9002057AE /* Products */;
			projectDirPath = "";
			projectRoot = "";
			targets = (
				638A036A20461AB9002057AE /* RxSwiftMVVPLoginValidationExample */,
			);
		};
/* End PBXProject section */

/* Begin PBXResourcesBuildPhase section */
		638A036920461AB9002057AE /* Resources */ = {
			isa = PBXResourcesBuildPhase;
			buildActionMask = 2147483647;
			files = (
				638A037920461AB9002057AE /* LaunchScreen.storyboard in Resources */,
				638A037620461AB9002057AE /* Assets.xcassets in Resources */,
				638A037420461AB9002057AE /* Main.storyboard in Resources */,
			);
			runOnlyForDeploymentPostprocessing = 0;
		};
/* End PBXResourcesBuildPhase section */

/* Begin PBXSourcesBuildPhase section */
		638A036720461AB9002057AE /* Sources */ = {
			isa = PBXSourcesBuildPhase;
			buildActionMask = 2147483647;
			files = (
				638A037120461AB9002057AE /* ViewController.swift in Sources */,
				638A036F20461AB9002057AE /* AppDelegate.swift in Sources */,
			);
			runOnlyForDeploymentPostprocessing = 0;
		};
/* End PBXSourcesBuildPhase section */

/* Begin PBXVariantGroup section */
		638A037220461AB9002057AE /* Main.storyboard */ = {
			isa = PBXVariantGroup;
			children = (
				638A037320461AB9002057AE /* Base */,
			);
			name = Main.storyboard;
			sourceTree = "<group>";
		};
		638A037720461AB9002057AE /* LaunchScreen.storyboard */ = {
			isa = PBXVariantGroup;
			children = (
				638A037820461AB9002057AE /* Base */,
			);
			name = LaunchScreen.storyboard;
			sourceTree = "<group>";
		};
/* End PBXVariantGroup section */

/* Begin XCBuildConfiguration section */
		638A037B20461AB9002057AE /* Debug */ = {
			isa = XCBuildConfiguration;
			buildSettings = {
				ALWAYS_SEARCH_USER_PATHS = NO;
				CLANG_ANALYZER_NONNULL = YES;
				CLANG_ANALYZER_NUMBER_OBJECT_CONVERSION = YES_AGGRESSIVE;
				CLANG_CXX_LANGUAGE_STANDARD = "gnu++14";
				CLANG_CXX_LIBRARY = "libc++";
				CLANG_ENABLE_MODULES = YES;
				CLANG_ENABLE_OBJC_ARC = YES;
				CLANG_WARN_BLOCK_CAPTURE_AUTORELEASING = YES;
				CLANG_WARN_BOOL_CONVERSION = YES;
				CLANG_WARN_COMMA = YES;
				CLANG_WARN_CONSTANT_CONVERSION = YES;
				CLANG_WARN_DIRECT_OBJC_ISA_USAGE = YES_ERROR;
				CLANG_WARN_DOCUMENTATION_COMMENTS = YES;
				CLANG_WARN_EMPTY_BODY = YES;
				CLANG_WARN_ENUM_CONVERSION = YES;
				CLANG_WARN_INFINITE_RECURSION = YES;
				CLANG_WARN_INT_CONVERSION = YES;
				CLANG_WARN_NON_LITERAL_NULL_CONVERSION = YES;
				CLANG_WARN_OBJC_LITERAL_CONVERSION = YES;
				CLANG_WARN_OBJC_ROOT_CLASS = YES_ERROR;
				CLANG_WARN_RANGE_LOOP_ANALYSIS = YES;
				CLANG_WARN_STRICT_PROTOTYPES = YES;
				CLANG_WARN_SUSPICIOUS_MOVE = YES;
				CLANG_WARN_UNGUARDED_AVAILABILITY = YES_AGGRESSIVE;
				CLANG_WARN_UNREACHABLE_CODE = YES;
				CLANG_WARN__DUPLICATE_METHOD_MATCH = YES;
				CODE_SIGN_IDENTITY = "iPhone Developer";
				COPY_PHASE_STRIP = NO;
				DEBUG_INFORMATION_FORMAT = dwarf;
				ENABLE_STRICT_OBJC_MSGSEND = YES;
				ENABLE_TESTABILITY = YES;
				GCC_C_LANGUAGE_STANDARD = gnu11;
				GCC_DYNAMIC_NO_PIC = NO;
				GCC_NO_COMMON_BLOCKS = YES;
				GCC_OPTIMIZATION_LEVEL = 0;
				GCC_PREPROCESSOR_DEFINITIONS = (
					"DEBUG=1",
					"$(inherited)",
				);
				GCC_WARN_64_TO_32_BIT_CONVERSION = YES;
				GCC_WARN_ABOUT_RETURN_TYPE = YES_ERROR;
				GCC_WARN_UNDECLARED_SELECTOR = YES;
				GCC_WARN_UNINITIALIZED_AUTOS = YES_AGGRESSIVE;
				GCC_WARN_UNUSED_FUNCTION = YES;
				GCC_WARN_UNUSED_VARIABLE = YES;
				IPHONEOS_DEPLOYMENT_TARGET = 11.2;
				MTL_ENABLE_DEBUG_INFO = YES;
				ONLY_ACTIVE_ARCH = YES;
				SDKROOT = iphoneos;
				SWIFT_ACTIVE_COMPILATION_CONDITIONS = DEBUG;
				SWIFT_OPTIMIZATION_LEVEL = "-Onone";
			};
			name = Debug;
		};
		638A037C20461AB9002057AE /* Release */ = {
			isa = XCBuildConfiguration;
			buildSettings = {
				ALWAYS_SEARCH_USER_PATHS = NO;
				CLANG_ANALYZER_NONNULL = YES;
				CLANG_ANALYZER_NUMBER_OBJECT_CONVERSION = YES_AGGRESSIVE;
				CLANG_CXX_LANGUAGE_STANDARD = "gnu++14";
				CLANG_CXX_LIBRARY = "libc++";
				CLANG_ENABLE_MODULES = YES;
				CLANG_ENABLE_OBJC_ARC = YES;
				CLANG_WARN_BLOCK_CAPTURE_AUTORELEASING = YES;
				CLANG_WARN_BOOL_CONVERSION = YES;
				CLANG_WARN_COMMA = YES;
				CLANG_WARN_CONSTANT_CONVERSION = YES;
				CLANG_WARN_DIRECT_OBJC_ISA_USAGE = YES_ERROR;
				CLANG_WARN_DOCUMENTATION_COMMENTS = YES;
				CLANG_WARN_EMPTY_BODY = YES;
				CLANG_WARN_ENUM_CONVERSION = YES;
				CLANG_WARN_INFINITE_RECURSION = YES;
				CLANG_WARN_INT_CONVERSION = YES;
				CLANG_WARN_NON_LITERAL_NULL_CONVERSION = YES;
				CLANG_WARN_OBJC_LITERAL_CONVERSION = YES;
				CLANG_WARN_OBJC_ROOT_CLASS = YES_ERROR;
				CLANG_WARN_RANGE_LOOP_ANALYSIS = YES;
				CLANG_WARN_STRICT_PROTOTYPES = YES;
				CLANG_WARN_SUSPICIOUS_MOVE = YES;
				CLANG_WARN_UNGUARDED_AVAILABILITY = YES_AGGRESSIVE;
				CLANG_WARN_UNREACHABLE_CODE = YES;
				CLANG_WARN__DUPLICATE_METHOD_MATCH = YES;
				CODE_SIGN_IDENTITY = "iPhone Developer";
				COPY_PHASE_STRIP = NO;
				DEBUG_INFORMATION_FORMAT = "dwarf-with-dsym";
				ENABLE_NS_ASSERTIONS = NO;
				ENABLE_STRICT_OBJC_MSGSEND = YES;
				GCC_C_LANGUAGE_STANDARD = gnu11;
				GCC_NO_COMMON_BLOCKS = YES;
				GCC_WARN_64_TO_32_BIT_CONVERSION = YES;
				GCC_WARN_ABOUT_RETURN_TYPE = YES_ERROR;
				GCC_WARN_UNDECLARED_SELECTOR = YES;
				GCC_WARN_UNINITIALIZED_AUTOS = YES_AGGRESSIVE;
				GCC_WARN_UNUSED_FUNCTION = YES;
				GCC_WARN_UNUSED_VARIABLE = YES;
				IPHONEOS_DEPLOYMENT_TARGET = 11.2;
				MTL_ENABLE_DEBUG_INFO = NO;
				SDKROOT = iphoneos;
				SWIFT_OPTIMIZATION_LEVEL = "-Owholemodule";
				VALIDATE_PRODUCT = YES;
			};
			name = Release;
		};
		638A037E20461AB9002057AE /* Debug */ = {
			isa = XCBuildConfiguration;
			buildSettings = {
				ASSETCATALOG_COMPILER_APPICON_NAME = AppIcon;
				CODE_SIGN_STYLE = Automatic;
				DEVELOPMENT_TEAM = 467CCL7KXH;
				INFOPLIST_FILE = RxSwiftMVVPLoginValidationExample/Info.plist;
				LD_RUNPATH_SEARCH_PATHS = "$(inherited) @executable_path/Frameworks";
				PRODUCT_BUNDLE_IDENTIFIER = com.applinco.RxSwiftMVVPLoginValidationExample;
				PRODUCT_NAME = "$(TARGET_NAME)";
				SWIFT_VERSION = 4.0;
				TARGETED_DEVICE_FAMILY = "1,2";
			};
			name = Debug;
		};
		638A037F20461AB9002057AE /* Release */ = {
			isa = XCBuildConfiguration;
			buildSettings = {
				ASSETCATALOG_COMPILER_APPICON_NAME = AppIcon;
				CODE_SIGN_STYLE = Automatic;
				DEVELOPMENT_TEAM = 467CCL7KXH;
				INFOPLIST_FILE = RxSwiftMVVPLoginValidationExample/Info.plist;
				LD_RUNPATH_SEARCH_PATHS = "$(inherited) @executable_path/Frameworks";
				PRODUCT_BUNDLE_IDENTIFIER = com.applinco.RxSwiftMVVPLoginValidationExample;
				PRODUCT_NAME = "$(TARGET_NAME)";
				SWIFT_VERSION = 4.0;
				TARGETED_DEVICE_FAMILY = "1,2";
			};
			name = Release;
		};
/* End XCBuildConfiguration section */

/* Begin XCConfigurationList section */
		638A036620461AB9002057AE /* Build configuration list for PBXProject "RxSwiftMVVPLoginValidationExample" */ = {
			isa = XCConfigurationList;
			buildConfigurations = (
				638A037B20461AB9002057AE /* Debug */,
				638A037C20461AB9002057AE /* Release */,
			);
			defaultConfigurationIsVisible = 0;
			defaultConfigurationName = Release;
		};
		638A037D20461AB9002057AE /* Build configuration list for PBXNativeTarget "RxSwiftMVVPLoginValidationExample" */ = {
			isa = XCConfigurationList;
			buildConfigurations = (
				638A037E20461AB9002057AE /* Debug */,
				638A037F20461AB9002057AE /* Release */,
			);
			defaultConfigurationIsVisible = 0;
			defaultConfigurationName = Release;
		};
/* End XCConfigurationList section */
	};
	rootObject = 638A036320461AB9002057AE /* Project object */;
}
